// !$*UTF8*$!
{
	archiveVersion = 1;
	classes = {
	};
	objectVersion = 50;
	objects = {

/* Begin PBXBuildFile section */
		DA6368FE26AF4A940068C3C4 /* profileImageApp.swift in Sources */ = {isa = PBXBuildFile; fileRef = DA6368FD26AF4A940068C3C4 /* profileImageApp.swift */; };
		DA63690026AF4A940068C3C4 /* ProfileView.swift in Sources */ = {isa = PBXBuildFile; fileRef = DA6368FF26AF4A940068C3C4 /* ProfileView.swift */; };
		DA63690226AF4A950068C3C4 /* Assets.xcassets in Resources */ = {isa = PBXBuildFile; fileRef = DA63690126AF4A950068C3C4 /* Assets.xcassets */; };
		DA63690526AF4A950068C3C4 /* Preview Assets.xcassets in Resources */ = {isa = PBXBuildFile; fileRef = DA63690426AF4A950068C3C4 /* Preview Assets.xcassets */; };
		DA63690D26AF9C860068C3C4 /* ImagePicker.swift in Sources */ = {isa = PBXBuildFile; fileRef = DA63690C26AF9C860068C3C4 /* ImagePicker.swift */; };
		DA63690F26AFA9D00068C3C4 /* ProfileImageMod.swift in Sources */ = {isa = PBXBuildFile; fileRef = DA63690E26AFA9D00068C3C4 /* ProfileImageMod.swift */; };
/* End PBXBuildFile section */

/* Begin PBXFileReference section */
		DA6368FA26AF4A940068C3C4 /* profileImage.app */ = {isa = PBXFileReference; explicitFileType = wrapper.application; includeInIndex = 0; path = profileImage.app; sourceTree = BUILT_PRODUCTS_DIR; };
		DA6368FD26AF4A940068C3C4 /* profileImageApp.swift */ = {isa = PBXFileReference; lastKnownFileType = sourcecode.swift; path = profileImageApp.swift; sourceTree = "<group>"; };
		DA6368FF26AF4A940068C3C4 /* ProfileView.swift */ = {isa = PBXFileReference; lastKnownFileType = sourcecode.swift; path = ProfileView.swift; sourceTree = "<group>"; };
		DA63690126AF4A950068C3C4 /* Assets.xcassets */ = {isa = PBXFileReference; lastKnownFileType = folder.assetcatalog; path = Assets.xcassets; sourceTree = "<group>"; };
		DA63690426AF4A950068C3C4 /* Preview Assets.xcassets */ = {isa = PBXFileReference; lastKnownFileType = folder.assetcatalog; path = "Preview Assets.xcassets"; sourceTree = "<group>"; };
		DA63690626AF4A950068C3C4 /* Info.plist */ = {isa = PBXFileReference; lastKnownFileType = text.plist.xml; path = Info.plist; sourceTree = "<group>"; };
		DA63690C26AF9C860068C3C4 /* ImagePicker.swift */ = {isa = PBXFileReference; lastKnownFileType = sourcecode.swift; path = ImagePicker.swift; sourceTree = "<group>"; };
		DA63690E26AFA9D00068C3C4 /* ProfileImageMod.swift */ = {isa = PBXFileReference; lastKnownFileType = sourcecode.swift; path = ProfileImageMod.swift; sourceTree = "<group>"; };
/* End PBXFileReference section */

/* Begin PBXFrameworksBuildPhase section */
		DA6368F726AF4A940068C3C4 /* Frameworks */ = {
			isa = PBXFrameworksBuildPhase;
			buildActionMask = 2147483647;
			files = (
			);
			runOnlyForDeploymentPostprocessing = 0;
		};
/* End PBXFrameworksBuildPhase section */

/* Begin PBXGroup section */
		DA6368F126AF4A940068C3C4 = {
			isa = PBXGroup;
			children = (
				DA6368FC26AF4A940068C3C4 /* profileImage */,
				DA6368FB26AF4A940068C3C4 /* Products */,
			);
			sourceTree = "<group>";
		};
		DA6368FB26AF4A940068C3C4 /* Products */ = {
			isa = PBXGroup;
			children = (
				DA6368FA26AF4A940068C3C4 /* profileImage.app */,
			);
			name = Products;
			sourceTree = "<group>";
		};
		DA6368FC26AF4A940068C3C4 /* profileImage */ = {
			isa = PBXGroup;
			children = (
				DA6368FD26AF4A940068C3C4 /* profileImageApp.swift */,
				DA6368FF26AF4A940068C3C4 /* ProfileView.swift */,
				DA63690126AF4A950068C3C4 /* Assets.xcassets */,
				DA63690626AF4A950068C3C4 /* Info.plist */,
				DA63690326AF4A950068C3C4 /* Preview Content */,
				DA63690C26AF9C860068C3C4 /* ImagePicker.swift */,
				DA63690E26AFA9D00068C3C4 /* ProfileImageMod.swift */,
			);
			path = profileImage;
			sourceTree = "<group>";
		};
		DA63690326AF4A950068C3C4 /* Preview Content */ = {
			isa = PBXGroup;
			children = (
				DA63690426AF4A950068C3C4 /* Preview Assets.xcassets */,
			);
			path = "Preview Content";
			sourceTree = "<group>";
		};
/* End PBXGroup section */

/* Begin PBXNativeTarget section */
		DA6368F926AF4A940068C3C4 /* profileImage */ = {
			isa = PBXNativeTarget;
			buildConfigurationList = DA63690926AF4A950068C3C4 /* Build configuration list for PBXNativeTarget "profileImage" */;
			buildPhases = (
				DA6368F626AF4A940068C3C4 /* Sources */,
				DA6368F726AF4A940068C3C4 /* Frameworks */,
				DA6368F826AF4A940068C3C4 /* Resources */,
			);
			buildRules = (
			);
			dependencies = (
			);
			name = profileImage;
			productName = profileImage;
			productReference = DA6368FA26AF4A940068C3C4 /* profileImage.app */;
			productType = "com.apple.product-type.application";
		};
/* End PBXNativeTarget section */

/* Begin PBXProject section */
		DA6368F226AF4A940068C3C4 /* Project object */ = {
			isa = PBXProject;
			attributes = {
				LastSwiftUpdateCheck = 1250;
				LastUpgradeCheck = 1250;
				TargetAttributes = {
					DA6368F926AF4A940068C3C4 = {
						CreatedOnToolsVersion = 12.5.1;
					};
				};
			};
			buildConfigurationList = DA6368F526AF4A940068C3C4 /* Build configuration list for PBXProject "profileImage" */;
			compatibilityVersion = "Xcode 9.3";
			developmentRegion = en;
			hasScannedForEncodings = 0;
			knownRegions = (
				en,
				Base,
			);
			mainGroup = DA6368F126AF4A940068C3C4;
			productRefGroup = DA6368FB26AF4A940068C3C4 /* Products */;
			projectDirPath = "";
			projectRoot = "";
			targets = (
				DA6368F926AF4A940068C3C4 /* profileImage */,
			);
		};
/* End PBXProject section */

/* Begin PBXResourcesBuildPhase section */
		DA6368F826AF4A940068C3C4 /* Resources */ = {
			isa = PBXResourcesBuildPhase;
			buildActionMask = 2147483647;
			files = (
				DA63690526AF4A950068C3C4 /* Preview Assets.xcassets in Resources */,
				DA63690226AF4A950068C3C4 /* Assets.xcassets in Resources */,
			);
			runOnlyForDeploymentPostprocessing = 0;
		};
/* End PBXResourcesBuildPhase section */

/* Begin PBXSourcesBuildPhase section */
		DA6368F626AF4A940068C3C4 /* Sources */ = {
			isa = PBXSourcesBuildPhase;
			buildActionMask = 2147483647;
			files = (
				DA63690F26AFA9D00068C3C4 /* ProfileImageMod.swift in Sources */,
				DA63690D26AF9C860068C3C4 /* ImagePicker.swift in Sources */,
				DA63690026AF4A940068C3C4 /* ProfileView.swift in Sources */,
				DA6368FE26AF4A940068C3C4 /* profileImageApp.swift in Sources */,
			);
			runOnlyForDeploymentPostprocessing = 0;
		};
/* End PBXSourcesBuildPhase section */

/* Begin XCBuildConfiguration section */
		DA63690726AF4A950068C3C4 /* Debug */ = {
			isa = XCBuildConfiguration;
			buildSettings = {
				ALWAYS_SEARCH_USER_PATHS = NO;
				CLANG_ANALYZER_NONNULL = YES;
				CLANG_ANALYZER_NUMBER_OBJECT_CONVERSION = YES_AGGRESSIVE;
				CLANG_CXX_LANGUAGE_STANDARD = "gnu++14";
				CLANG_CXX_LIBRARY = "libc++";
				CLANG_ENABLE_MODULES = YES;
				CLANG_ENABLE_OBJC_ARC = YES;
				CLANG_ENABLE_OBJC_WEAK = YES;
				CLANG_WARN_BLOCK_CAPTURE_AUTORELEASING = YES;
				CLANG_WARN_BOOL_CONVERSION = YES;
				CLANG_WARN_COMMA = YES;
				CLANG_WARN_CONSTANT_CONVERSION = YES;
				CLANG_WARN_DEPRECATED_OBJC_IMPLEMENTATIONS = YES;
				CLANG_WARN_DIRECT_OBJC_ISA_USAGE = YES_ERROR;
				CLANG_WARN_DOCUMENTATION_COMMENTS = YES;
				CLANG_WARN_EMPTY_BODY = YES;
				CLANG_WARN_ENUM_CONVERSION = YES;
				CLANG_WARN_INFINITE_RECURSION = YES;
				CLANG_WARN_INT_CONVERSION = YES;
				CLANG_WARN_NON_LITERAL_NULL_CONVERSION = YES;
				CLANG_WARN_OBJC_IMPLICIT_RETAIN_SELF = YES;
				CLANG_WARN_OBJC_LITERAL_CONVERSION = YES;
				CLANG_WARN_OBJC_ROOT_CLASS = YES_ERROR;
				CLANG_WARN_QUOTED_INCLUDE_IN_FRAMEWORK_HEADER = YES;
				CLANG_WARN_RANGE_LOOP_ANALYSIS = YES;
				CLANG_WARN_STRICT_PROTOTYPES = YES;
				CLANG_WARN_SUSPICIOUS_MOVE = YES;
				CLANG_WARN_UNGUARDED_AVAILABILITY = YES_AGGRESSIVE;
				CLANG_WARN_UNREACHABLE_CODE = YES;
				CLANG_WARN__DUPLICATE_METHOD_MATCH = YES;
				COPY_PHASE_STRIP = NO;
				DEBUG_INFORMATION_FORMAT = dwarf;
				ENABLE_STRICT_OBJC_MSGSEND = YES;
				ENABLE_TESTABILITY = YES;
				GCC_C_LANGUAGE_STANDARD = gnu11;
				GCC_DYNAMIC_NO_PIC = NO;
				GCC_NO_COMMON_BLOCKS = YES;
				GCC_OPTIMIZATION_LEVEL = 0;
				GCC_PREPROCESSOR_DEFINITIONS = (
					"DEBUG=1",
					"$(inherited)",
				);
				GCC_WARN_64_TO_32_BIT_CONVERSION = YES;
				GCC_WARN_ABOUT_RETURN_TYPE = YES_ERROR;
				GCC_WARN_UNDECLARED_SELECTOR = YES;
				GCC_WARN_UNINITIALIZED_AUTOS = YES_AGGRESSIVE;
				GCC_WARN_UNUSED_FUNCTION = YES;
				GCC_WARN_UNUSED_VARIABLE = YES;
				IPHONEOS_DEPLOYMENT_TARGET = 14.5;
				MTL_ENABLE_DEBUG_INFO = INCLUDE_SOURCE;
				MTL_FAST_MATH = YES;
				ONLY_ACTIVE_ARCH = YES;
				SDKROOT = iphoneos;
				SWIFT_ACTIVE_COMPILATION_CONDITIONS = DEBUG;
				SWIFT_OPTIMIZATION_LEVEL = "-Onone";
			};
			name = Debug;
		};
		DA63690826AF4A950068C3C4 /* Release */ = {
			isa = XCBuildConfiguration;
			buildSettings = {
				ALWAYS_SEARCH_USER_PATHS = NO;
				CLANG_ANALYZER_NONNULL = YES;
				CLANG_ANALYZER_NUMBER_OBJECT_CONVERSION = YES_AGGRESSIVE;
				CLANG_CXX_LANGUAGE_STANDARD = "gnu++14";
				CLANG_CXX_LIBRARY = "libc++";
				CLANG_ENABLE_MODULES = YES;
				CLANG_ENABLE_OBJC_ARC = YES;
				CLANG_ENABLE_OBJC_WEAK = YES;
				CLANG_WARN_BLOCK_CAPTURE_AUTORELEASING = YES;
				CLANG_WARN_BOOL_CONVERSION = YES;
				CLANG_WARN_COMMA = YES;
				CLANG_WARN_CONSTANT_CONVERSION = YES;
				CLANG_WARN_DEPRECATED_OBJC_IMPLEMENTATIONS = YES;
				CLANG_WARN_DIRECT_OBJC_ISA_USAGE = YES_ERROR;
				CLANG_WARN_DOCUMENTATION_COMMENTS = YES;
				CLANG_WARN_EMPTY_BODY = YES;
				CLANG_WARN_ENUM_CONVERSION = YES;
				CLANG_WARN_INFINITE_RECURSION = YES;
				CLANG_WARN_INT_CONVERSION = YES;
				CLANG_WARN_NON_LITERAL_NULL_CONVERSION = YES;
				CLANG_WARN_OBJC_IMPLICIT_RETAIN_SELF = YES;
				CLANG_WARN_OBJC_LITERAL_CONVERSION = YES;
				CLANG_WARN_OBJC_ROOT_CLASS = YES_ERROR;
				CLANG_WARN_QUOTED_INCLUDE_IN_FRAMEWORK_HEADER = YES;
				CLANG_WARN_RANGE_LOOP_ANALYSIS = YES;
				CLANG_WARN_STRICT_PROTOTYPES = YES;
				CLANG_WARN_SUSPICIOUS_MOVE = YES;
				CLANG_WARN_UNGUARDED_AVAILABILITY = YES_AGGRESSIVE;
				CLANG_WARN_UNREACHABLE_CODE = YES;
				CLANG_WARN__DUPLICATE_METHOD_MATCH = YES;
				COPY_PHASE_STRIP = NO;
				DEBUG_INFORMATION_FORMAT = "dwarf-with-dsym";
				ENABLE_NS_ASSERTIONS = NO;
				ENABLE_STRICT_OBJC_MSGSEND = YES;
				GCC_C_LANGUAGE_STANDARD = gnu11;
				GCC_NO_COMMON_BLOCKS = YES;
				GCC_WARN_64_TO_32_BIT_CONVERSION = YES;
				GCC_WARN_ABOUT_RETURN_TYPE = YES_ERROR;
				GCC_WARN_UNDECLARED_SELECTOR = YES;
				GCC_WARN_UNINITIALIZED_AUTOS = YES_AGGRESSIVE;
				GCC_WARN_UNUSED_FUNCTION = YES;
				GCC_WARN_UNUSED_VARIABLE = YES;
				IPHONEOS_DEPLOYMENT_TARGET = 14.5;
				MTL_ENABLE_DEBUG_INFO = NO;
				MTL_FAST_MATH = YES;
				SDKROOT = iphoneos;
				SWIFT_COMPILATION_MODE = wholemodule;
				SWIFT_OPTIMIZATION_LEVEL = "-O";
				VALIDATE_PRODUCT = YES;
			};
			name = Release;
		};
		DA63690A26AF4A950068C3C4 /* Debug */ = {
			isa = XCBuildConfiguration;
			buildSettings = {
				ASSETCATALOG_COMPILER_APPICON_NAME = AppIcon;
				ASSETCATALOG_COMPILER_GLOBAL_ACCENT_COLOR_NAME = AccentColor;
				CODE_SIGN_STYLE = Automatic;
				DEVELOPMENT_ASSET_PATHS = "\"profileImage/Preview Content\"";
				DEVELOPMENT_TEAM = R7SHSK6MNC;
				ENABLE_PREVIEWS = YES;
				INFOPLIST_FILE = profileImage/Info.plist;
				IPHONEOS_DEPLOYMENT_TARGET = 14.0;
				LD_RUNPATH_SEARCH_PATHS = (
					"$(inherited)",
					"@executable_path/Frameworks",
				);
				PRODUCT_BUNDLE_IDENTIFIER = com.KinneyKare.profileImage;
				PRODUCT_NAME = "$(TARGET_NAME)";
				SWIFT_VERSION = 5.0;
				TARGETED_DEVICE_FAMILY = "1,2";
			};
			name = Debug;
		};
		DA63690B26AF4A950068C3C4 /* Release */ = {
			isa = XCBuildConfiguration;
			buildSettings = {
				ASSETCATALOG_COMPILER_APPICON_NAME = AppIcon;
				ASSETCATALOG_COMPILER_GLOBAL_ACCENT_COLOR_NAME = AccentColor;
				CODE_SIGN_STYLE = Automatic;
				DEVELOPMENT_ASSET_PATHS = "\"profileImage/Preview Content\"";
				DEVELOPMENT_TEAM = R7SHSK6MNC;
				ENABLE_PREVIEWS = YES;
				INFOPLIST_FILE = profileImage/Info.plist;
				IPHONEOS_DEPLOYMENT_TARGET = 14.0;
				LD_RUNPATH_SEARCH_PATHS = (
					"$(inherited)",
					"@executable_path/Frameworks",
				);
				PRODUCT_BUNDLE_IDENTIFIER = com.KinneyKare.profileImage;
				PRODUCT_NAME = "$(TARGET_NAME)";
				SWIFT_VERSION = 5.0;
				TARGETED_DEVICE_FAMILY = "1,2";
			};
			name = Release;
		};
/* End XCBuildConfiguration section */

/* Begin XCConfigurationList section */
		DA6368F526AF4A940068C3C4 /* Build configuration list for PBXProject "profileImage" */ = {
			isa = XCConfigurationList;
			buildConfigurations = (
				DA63690726AF4A950068C3C4 /* Debug */,
				DA63690826AF4A950068C3C4 /* Release */,
			);
			defaultConfigurationIsVisible = 0;
			defaultConfigurationName = Release;
		};
		DA63690926AF4A950068C3C4 /* Build configuration list for PBXNativeTarget "profileImage" */ = {
			isa = XCConfigurationList;
			buildConfigurations = (
				DA63690A26AF4A950068C3C4 /* Debug */,
				DA63690B26AF4A950068C3C4 /* Release */,
			);
			defaultConfigurationIsVisible = 0;
			defaultConfigurationName = Release;
		};
/* End XCConfigurationList section */
	};
	rootObject = DA6368F226AF4A940068C3C4 /* Project object */;
}
